<?xml version="1.0" encoding="utf-8"?>
<Project ToolsVersion="4.0" xmlns="http://schemas.microsoft.com/developer/msbuild/2003">
  <ItemGroup>
    <Filter Include="OPL">
      <UniqueIdentifier>{d98a4e88-0d10-43b8-b4b0-66ad4ad7c016}</UniqueIdentifier>
    </Filter>
  </ItemGroup>
  <ItemGroup>
    <ClInclude Include="fileprovider.h" />
    <ClInclude Include="opl\adlib.h">
      <Filter>OPL</Filter>
    </ClInclude>
    <ClInclude Include="opl\dbemuopl.h">
      <Filter>OPL</Filter>
    </ClInclude>
    <ClInclude Include="opl\dbopl.h">
      <Filter>OPL</Filter>
    </ClInclude>
    <ClInclude Include="resource.h" />
    <ClInclude Include="lanczos_resampler.h" />
    <ClInclude Include="simple_convolver.h" />
  </ItemGroup>
  <ItemGroup>
    <ClCompile Include="fileprovider.cpp" />
    <ClCompile Include="foo_input_adplug.cpp" />
    <ClCompile Include="opl\dbopl.cpp">
      <Filter>OPL</Filter>
    </ClCompile>
    <ClCompile Include="lanczos_resampler.c" />
    <ClCompile Include="simple_convolver.c" />
  </ItemGroup>
  <ItemGroup>
    <ResourceCompile Include="foo_input_adplug.rc" />
  </ItemGroup>
</Project>